# @generated - this file is auto-generated by `mise lock` https://mise.en.dev/dev-tools/mise-lock.html

[[tools.node]]
version = "22.22.2"
backend = "core:node"

[tools.node."platforms.linux-arm64"]
checksum = "sha256:b2f3a96f31486bfc365192ad65ced14833ad2a3c2e1bcefec4846902f264fa28"
url = "https://nodejs.org/dist/v22.22.2/node-v22.22.2-linux-arm64.tar.gz"

[tools.node."platforms.linux-arm64-musl"]
checksum = "sha256:7771e3d7bab8078232c9a7702b8423d4f7d1e5227f2339f8ccb64e5040e23a31"
url = "https://unofficial-builds.nodejs.org/download/release/v22.22.2/node-v22.22.2-linux-arm64-musl.tar.gz"

[tools.node."platforms.linux-x64"]
checksum = "sha256:978978a635eef872fa68beae09f0aad0bbbae6757e444da80b570964a97e62a3"
url = "https://nodejs.org/dist/v22.22.2/node-v22.22.2-linux-x64.tar.gz"

[tools.node."platforms.linux-x64-musl"]
checksum = "sha256:2231afd019f2f490ba921a25ba575f1f67e394441407be0491bb878f2823c976"
url = "https://unofficial-builds.nodejs.org/download/release/v22.22.2/node-v22.22.2-linux-x64-musl.tar.gz"

[tools.node."platforms.macos-arm64"]
checksum = "sha256:db4b275b83736df67533529a18cc55de2549a8329ace6c7bcc68f8d22d3c9000"
url = "https://nodejs.org/dist/v22.22.2/node-v22.22.2-darwin-arm64.tar.gz"

[tools.node."platforms.macos-x64"]
checksum = "sha256:12a6abb9c2902cf48a21120da13f87fde1ed1b71a13330712949e8db818708ba"
url = "https://nodejs.org/dist/v22.22.2/node-v22.22.2-darwin-x64.tar.gz"

[tools.node."platforms.windows-x64"]
checksum = "sha256:7c93e9d92bf68c07182b471aa187e35ee6cd08ef0f24ab060dfff605fcc1c57c"
url = "https://nodejs.org/dist/v22.22.2/node-v22.22.2-win-x64.zip"

[[tools."npm:@angular/cli"]]
version = "21.2.8"
backend = "npm:@angular/cli"

[[tools."npm:@angular/language-server"]]
version = "21.2.10"
backend = "npm:@angular/language-server"

[[tools."npm:@angular/language-service"]]
version = "next"
backend = "npm:@angular/language-service"

[[tools."npm:@github/copilot-language-server"]]
version = "1.477.0"
backend = "npm:@github/copilot-language-server"

[[tools."npm:@gy920/qwen-mcp-tool"]]
version = "1.1.4"
backend = "npm:@gy920/qwen-mcp-tool"

[[tools."npm:@kilocode/cli"]]
version = "7.2.25"
backend = "npm:@kilocode/cli"

[[tools."npm:@mariozechner/pi-coding-agent"]]
version = "0.70.5"
backend = "npm:@mariozechner/pi-coding-agent"

[[tools."npm:@mem0/cli"]]
version = "0.2.4"
backend = "npm:@mem0/cli"

[[tools."npm:@mermaid-js/mermaid-cli"]]
version = "11.12.0"
backend = "npm:@mermaid-js/mermaid-cli"

[[tools."npm:@openai/codex"]]
version = "0.125.0"
backend = "npm:@openai/codex"

[[tools."npm:@qwen-code/qwen-code"]]
version = "0.15.3"
backend = "npm:@qwen-code/qwen-code"

[[tools."npm:@tobilu/qmd"]]
version = "2.1.0"
backend = "npm:@tobilu/qmd"

[[tools."npm:@vue/language-server"]]
version = "3.2.7"
backend = "npm:@vue/language-server"

[[tools."npm:context-mode"]]
version = "1.0.99"
backend = "npm:context-mode"

[[tools."npm:copilot-node-server"]]
version = "1.41.0"
backend = "npm:copilot-node-server"

[[tools."npm:env-cmd"]]
version = "11.0.0"
backend = "npm:env-cmd"

[[tools."npm:eslint"]]
version = "10.2.1"
backend = "npm:eslint"

[[tools."npm:git-trim"]]
version = "0.2.1"
backend = "npm:git-trim"

[[tools."npm:lua-fmt"]]
version = "2.6.0"
backend = "npm:lua-fmt"

[[tools."npm:mcp-codex-cli"]]
version = "1.0.0"
backend = "npm:mcp-codex-cli"

[[tools."npm:mem0ai"]]
version = "3.0.2"
backend = "npm:mem0ai"

[[tools."npm:ngx-unused-css"]]
version = "4.0.0-1"
backend = "npm:ngx-unused-css"

[[tools."npm:npm-check-updates"]]
version = "22.0.1"
backend = "npm:npm-check-updates"

[[tools."npm:npm-upgrade"]]
version = "3.1.2"
backend = "npm:npm-upgrade"

[[tools."npm:opencode-ai"]]
version = "1.14.28"
backend = "npm:opencode-ai"

[[tools."npm:opentmux"]]
version = "1.5.7"
backend = "npm:opentmux"

[[tools."npm:orgnote-cli"]]
version = "0.12.4"
backend = "npm:orgnote-cli"

[[tools."npm:pi-antigravity-rotator"]]
version = "1.3.8"
backend = "npm:pi-antigravity-rotator"

[[tools."npm:pi-link"]]
version = "0.1.11"
backend = "npm:pi-link"

[[tools."npm:playwright"]]
version = "1.59.1"
backend = "npm:playwright"

[[tools."npm:pretty-ts-errors-markdown"]]
version = "0.0.15"
backend = "npm:pretty-ts-errors-markdown"

[[tools."npm:pyright"]]
version = "1.1.409"
backend = "npm:pyright"

[[tools."npm:skills"]]
version = "1.5.1"
backend = "npm:skills"

[[tools."npm:stylelint"]]
version = "17.9.1"
backend = "npm:stylelint"

[[tools."npm:typescript"]]
version = "6.0.3"
backend = "npm:typescript"

[[tools."npm:typescript-language-server"]]
version = "5.1.3"
backend = "npm:typescript-language-server"

[[tools."npm:vscode-langservers-extracted"]]
version = "4.10.0"
backend = "npm:vscode-langservers-extracted"

[[tools."npm:yalc"]]
version = "1.0.0-pre.53"
backend = "npm:yalc"

[[tools.pnpm]]
version = "10.33.2"
backend = "aqua:pnpm/pnpm"

[tools.pnpm."platforms.linux-arm64"]
checksum = "sha256:0828e5ee23be89d22bd53cc36e93c181ce9d5c47d75f9fe9bf4bdc7a65c66322"
url = "https://github.com/pnpm/pnpm/releases/download/v10.33.2/pnpm-linux-arm64"

[tools.pnpm."platforms.linux-arm64-musl"]
checksum = "sha256:0828e5ee23be89d22bd53cc36e93c181ce9d5c47d75f9fe9bf4bdc7a65c66322"
url = "https://github.com/pnpm/pnpm/releases/download/v10.33.2/pnpm-linux-arm64"

[tools.pnpm."platforms.linux-x64"]
checksum = "sha256:39d7b6600239712bc9581ea219b17ffef46ba60998779cb717be2e068be029ef"
url = "https://github.com/pnpm/pnpm/releases/download/v10.33.2/pnpm-linux-x64"

[tools.pnpm."platforms.linux-x64-musl"]
checksum = "sha256:39d7b6600239712bc9581ea219b17ffef46ba60998779cb717be2e068be029ef"
url = "https://github.com/pnpm/pnpm/releases/download/v10.33.2/pnpm-linux-x64"

[tools.pnpm."platforms.macos-arm64"]
checksum = "sha256:a99a4d5d0e6bd3728949c24ff74a2f2f2d07f73bc48fd308e4eea75d8e72acdc"
url = "https://github.com/pnpm/pnpm/releases/download/v10.33.2/pnpm-macos-arm64"

[tools.pnpm."platforms.macos-x64"]
checksum = "sha256:3b66abb865f4e7a82393861f0f3784d67a704a31a4021739874d4b7910793dca"
url = "https://github.com/pnpm/pnpm/releases/download/v10.33.2/pnpm-macos-x64"

[tools.pnpm."platforms.windows-x64"]
checksum = "sha256:3d1af71e9da7081efd58f95942e1f7e2107bf8fcdae03eb2331c0b6cea59510b"
url = "https://github.com/pnpm/pnpm/releases/download/v10.33.2/pnpm-win-x64.exe"
